{
  "name": "auto-macro",
  "version": "0.0.1",
  "lockfileVersion": 1,
  "requires": true,
  "dependencies": {
    "@types/ffi": {
      "version": "0.2.2",
      "resolved": "https://registry.npm.taobao.org/@types/ffi/download/@types/ffi-0.2.2.tgz",
      "integrity": "sha1-pdeGguzQGryHWQQv4l5YkbIj6hU=",
      "dev": true,
      "requires": {
        "@types/node": "*",
        "@types/ref": "*",
        "@types/ref-struct": "*"
      }
    },
    "@types/node": {
      "version": "10.14.10",
      "resolved": "https://registry.npm.taobao.org/@types/node/download/@types/node-10.14.10.tgz",
      "integrity": "sha1-5JFITGBgr41GHhLsgcDaijKCuN4=",
      "dev": true
    },
    "@types/ref": {
      "version": "0.0.28",
      "resolved": "https://registry.npm.taobao.org/@types/ref/download/@types/ref-0.0.28.tgz",
      "integrity": "sha1-FaYSU+0SWQOLR0md4cmwy8pX9Vw=",
      "dev": true,
      "requires": {
        "@types/node": "*"
      }
    },
    "@types/ref-struct": {
      "version": "0.0.29",
      "resolved": "https://registry.npm.taobao.org/@types/ref-struct/download/@types/ref-struct-0.0.29.tgz",
      "integrity": "sha1-otfBE6Q9EYK+maIt/Ki/lLrpevo=",
      "dev": true,
      "requires": {
        "@types/ref": "*"
      }
    },
    "bindings": {
      "version": "1.2.1",
      "resolved": "https://registry.npm.taobao.org/bindings/download/bindings-1.2.1.tgz?cache=0&other_urls=https%3A%2F%2Fregistry.npm.taobao.org%2Fbindings%2Fdownload%2Fbindings-1.2.1.tgz",
      "integrity": "sha1-FK1hE4EtLTfXLme0ystLtyZQXxE="
    },
    "ffi": {
      "version": "2.3.0",
      "resolved": "https://registry.npm.taobao.org/ffi/download/ffi-2.3.0.tgz",
      "integrity": "sha1-+hp7PYXA+oyD2WlHpktRkrxH+Fg=",
      "requires": {
        "bindings": "~1.2.0",
        "debug": "2",
        "nan": "2",
        "ref": "1",
        "ref-struct": "1"
      },
      "dependencies": {
        "debug": {
          "version": "2.6.9",
          "resolved": "https://registry.npm.taobao.org/debug/download/debug-2.6.9.tgz?cache=0&other_urls=https%3A%2F%2Fregistry.npm.taobao.org%2Fdebug%2Fdownload%2Fdebug-2.6.9.tgz",
          "integrity": "sha1-XRKFFd8TT/Mn6QpMk/Tgd6U2NB8=",
          "requires": {
            "ms": "2.0.0"
          }
        },
        "ms": {
          "version": "2.0.0",
          "resolved": "https://registry.npm.taobao.org/ms/download/ms-2.0.0.tgz?cache=0&other_urls=https%3A%2F%2Fregistry.npm.taobao.org%2Fms%2Fdownload%2Fms-2.0.0.tgz",
          "integrity": "sha1-VgiurfwAvmwpAd9fmGF4jeDVl8g="
        }
      }
    },
    "nan": {
      "version": "2.14.0",
      "resolved": "https://registry.npm.taobao.org/nan/download/nan-2.14.0.tgz",
      "integrity": "sha1-eBj3IgJ7JFmobwKV1DTR/CM2xSw="
    },
    "ref": {
      "version": "1.3.5",
      "resolved": "https://registry.npm.taobao.org/ref/download/ref-1.3.5.tgz?cache=0&other_urls=https%3A%2F%2Fregistry.npm.taobao.org%2Fref%2Fdownload%2Fref-1.3.5.tgz",
      "integrity": "sha1-DjPwgM25Sj2VMSsrOx/Q+CBEyg8=",
      "requires": {
        "bindings": "1",
        "debug": "2",
        "nan": "2"
      },
      "dependencies": {
        "debug": {
          "version": "2.6.9",
          "resolved": "https://registry.npm.taobao.org/debug/download/debug-2.6.9.tgz?cache=0&other_urls=https%3A%2F%2Fregistry.npm.taobao.org%2Fdebug%2Fdownload%2Fdebug-2.6.9.tgz",
          "integrity": "sha1-XRKFFd8TT/Mn6QpMk/Tgd6U2NB8=",
          "requires": {
            "ms": "2.0.0"
          }
        },
        "ms": {
          "version": "2.0.0",
          "resolved": "https://registry.npm.taobao.org/ms/download/ms-2.0.0.tgz?cache=0&other_urls=https%3A%2F%2Fregistry.npm.taobao.org%2Fms%2Fdownload%2Fms-2.0.0.tgz",
          "integrity": "sha1-VgiurfwAvmwpAd9fmGF4jeDVl8g="
        }
      }
    },
    "ref-struct": {
      "version": "1.1.0",
      "resolved": "https://registry.npm.taobao.org/ref-struct/download/ref-struct-1.1.0.tgz",
      "integrity": "sha1-XV7mWtQc78Olxf60BYcmHkee3BM=",
      "requires": {
        "debug": "2",
        "ref": "1"
      },
      "dependencies": {
        "debug": {
          "version": "2.6.9",
          "resolved": "https://registry.npm.taobao.org/debug/download/debug-2.6.9.tgz?cache=0&other_urls=https%3A%2F%2Fregistry.npm.taobao.org%2Fdebug%2Fdownload%2Fdebug-2.6.9.tgz",
          "integrity": "sha1-XRKFFd8TT/Mn6QpMk/Tgd6U2NB8=",
          "requires": {
            "ms": "2.0.0"
          }
        },
        "ms": {
          "version": "2.0.0",
          "resolved": "https://registry.npm.taobao.org/ms/download/ms-2.0.0.tgz?cache=0&other_urls=https%3A%2F%2Fregistry.npm.taobao.org%2Fms%2Fdownload%2Fms-2.0.0.tgz",
          "integrity": "sha1-VgiurfwAvmwpAd9fmGF4jeDVl8g="
        }
      }
    },
    "typescript": {
      "version": "3.5.2",
      "resolved": "https://registry.npm.taobao.org/typescript/download/typescript-3.5.2.tgz",
      "integrity": "sha1-oJ4dxpvJVRyt8X26EO5Cz1Xl1Ww=",
      "dev": true
    }
  }
}
